<?xml version="1.0" encoding="UTF-8" standalone="yes" ?>
<CodeBlocks_project_file>
	<FileVersion major="1" minor="6" />
	<Project>
		<Option title="Clustering" />
		<Option pch_mode="2" />
		<Option compiler="gcc" />
		<Build>
			<Target title="Debug">
				<Option output="bin/Debug/Clustering" prefix_auto="1" extension_auto="1" />
				<Option object_output="obj/Debug/" />
				<Option type="1" />
				<Option compiler="gcc" />
				<Compiler>
					<Add option="-Wextra" />
					<Add option="-Wall" />
					<Add option="-Og" />
					<Add option="-g" />
					<Add directory="clustering" />
					<Add directory="clustering/" />
					<Add directory="src" />
					<Add directory="src/" />
				</Compiler>
				<Linker>
					<Add library="lib/libgsl.a" />
				</Linker>
			</Target>
			<Target title="Release">
				<Option output="bin/Release/Clustering" prefix_auto="1" extension_auto="1" />
				<Option object_output="obj/Release/" />
				<Option type="1" />
				<Option compiler="gcc" />
				<Compiler>
					<Add option="-O3" />
					<Add directory="clustering" />
					<Add directory="clustering/" />
					<Add directory="src" />
					<Add directory="src/" />
				</Compiler>
				<Linker>
					<Add option="-s" />
					<Add option="-O3" />
					<Add library="lib/libgsl.a" />
				</Linker>
			</Target>
		</Build>
		<Unit filename="clustering/Agglomerative.cpp">
			<Option target="&lt;{~None~}&gt;" />
		</Unit>
		<Unit filename="clustering/Agglomerative.h">
			<Option target="&lt;{~None~}&gt;" />
		</Unit>
		<Unit filename="clustering/ClusteringAlgorithm.cpp">
			<Option target="&lt;{~None~}&gt;" />
		</Unit>
		<Unit filename="clustering/ClusteringAlgorithm.h">
			<Option target="&lt;{~None~}&gt;" />
		</Unit>
		<Unit filename="clustering/ClusteringMethod.cpp">
			<Option target="&lt;{~None~}&gt;" />
		</Unit>
		<Unit filename="clustering/ClusteringMethod.h">
			<Option target="&lt;{~None~}&gt;" />
		</Unit>
		<Unit filename="clustering/DBSCAN.cpp">
			<Option target="&lt;{~None~}&gt;" />
		</Unit>
		<Unit filename="clustering/DBSCAN.h">
			<Option target="&lt;{~None~}&gt;" />
		</Unit>
		<Unit filename="clustering/EditSimilarity.cpp">
			<Option target="&lt;{~None~}&gt;" />
		</Unit>
		<Unit filename="clustering/EditSimilarity.h">
			<Option target="&lt;{~None~}&gt;" />
		</Unit>
		<Unit filename="clustering/GSDMM.cpp">
			<Option target="&lt;{~None~}&gt;" />
		</Unit>
		<Unit filename="clustering/GSDMM.h">
			<Option target="&lt;{~None~}&gt;" />
		</Unit>
		<Unit filename="clustering/KMeans.cpp">
			<Option target="&lt;{~None~}&gt;" />
		</Unit>
		<Unit filename="clustering/KMeans.h">
			<Option target="&lt;{~None~}&gt;" />
		</Unit>
		<Unit filename="clustering/L2DV.cpp">
			<Option target="&lt;{~None~}&gt;" />
		</Unit>
		<Unit filename="clustering/L2DV.h">
			<Option target="&lt;{~None~}&gt;" />
		</Unit>
		<Unit filename="clustering/LeaderClustering.cpp">
			<Option target="&lt;{~None~}&gt;" />
		</Unit>
		<Unit filename="clustering/LeaderClustering.h">
			<Option target="&lt;{~None~}&gt;" />
		</Unit>
		<Unit filename="clustering/ManualClustering.cpp">
			<Option target="&lt;{~None~}&gt;" />
		</Unit>
		<Unit filename="clustering/ManualClustering.h">
			<Option target="&lt;{~None~}&gt;" />
		</Unit>
		<Unit filename="clustering/SimilarityMeasure.cpp">
			<Option target="&lt;{~None~}&gt;" />
		</Unit>
		<Unit filename="clustering/SimilarityMeasure.h">
			<Option target="&lt;{~None~}&gt;" />
		</Unit>
		<Unit filename="clustering/SpectralClustering.cpp">
			<Option target="&lt;{~None~}&gt;" />
		</Unit>
		<Unit filename="clustering/SpectralClustering.h">
			<Option target="&lt;{~None~}&gt;" />
		</Unit>
		<Unit filename="clustering/UPM.cpp">
			<Option target="&lt;{~None~}&gt;" />
		</Unit>
		<Unit filename="clustering/UPM.h">
			<Option target="&lt;{~None~}&gt;" />
		</Unit>
		<Unit filename="main.cpp" />
		<Unit filename="src/Cluster.cpp">
			<Option target="&lt;{~None~}&gt;" />
		</Unit>
		<Unit filename="src/Cluster.h">
			<Option target="&lt;{~None~}&gt;" />
		</Unit>
		<Unit filename="src/ClusterHashNode.cpp">
			<Option target="&lt;{~None~}&gt;" />
		</Unit>
		<Unit filename="src/ClusterHashNode.h">
			<Option target="&lt;{~None~}&gt;" />
		</Unit>
		<Unit filename="src/ClusterRotate.cpp">
			<Option target="&lt;{~None~}&gt;" />
		</Unit>
		<Unit filename="src/ClusterRotate.h">
			<Option target="&lt;{~None~}&gt;" />
		</Unit>
		<Unit filename="src/ClusterUniverse.cpp">
			<Option target="&lt;{~None~}&gt;" />
		</Unit>
		<Unit filename="src/ClusterUniverse.h">
			<Option target="&lt;{~None~}&gt;" />
		</Unit>
		<Unit filename="src/Combination.cpp">
			<Option target="&lt;{~None~}&gt;" />
		</Unit>
		<Unit filename="src/Combination.h">
			<Option target="&lt;{~None~}&gt;" />
		</Unit>
		<Unit filename="src/CombinationsLexicon.cpp">
			<Option target="&lt;{~None~}&gt;" />
		</Unit>
		<Unit filename="src/CombinationsLexicon.h">
			<Option target="&lt;{~None~}&gt;" />
		</Unit>
		<Unit filename="src/EntitiesGroup.cpp">
			<Option target="&lt;{~None~}&gt;" />
		</Unit>
		<Unit filename="src/EntitiesGroup.h">
			<Option target="&lt;{~None~}&gt;" />
		</Unit>
		<Unit filename="src/Entity.cpp">
			<Option target="&lt;{~None~}&gt;" />
		</Unit>
		<Unit filename="src/Entity.h">
			<Option target="&lt;{~None~}&gt;" />
		</Unit>
		<Unit filename="src/EntityCluster.cpp">
			<Option target="&lt;{~None~}&gt;" />
		</Unit>
		<Unit filename="src/EntityCluster.h">
			<Option target="&lt;{~None~}&gt;" />
		</Unit>
		<Unit filename="src/EvaluationMeasures.cpp">
			<Option target="&lt;{~None~}&gt;" />
		</Unit>
		<Unit filename="src/EvaluationMeasures.h">
			<Option target="&lt;{~None~}&gt;" />
		</Unit>
		<Unit filename="src/Evrot.cpp">
			<Option target="&lt;{~None~}&gt;" />
		</Unit>
		<Unit filename="src/Evrot.h">
			<Option target="&lt;{~None~}&gt;" />
		</Unit>
		<Unit filename="src/Feature.cpp">
			<Option target="&lt;{~None~}&gt;" />
		</Unit>
		<Unit filename="src/Feature.h">
			<Option target="&lt;{~None~}&gt;" />
		</Unit>
		<Unit filename="src/L2DVEntity.cpp">
			<Option target="&lt;{~None~}&gt;" />
		</Unit>
		<Unit filename="src/L2DVEntity.h">
			<Option target="&lt;{~None~}&gt;" />
		</Unit>
		<Unit filename="src/Product.cpp">
			<Option target="&lt;{~None~}&gt;" />
		</Unit>
		<Unit filename="src/Product.h">
			<Option target="&lt;{~None~}&gt;" />
		</Unit>
		<Unit filename="src/Settings.cpp">
			<Option target="&lt;{~None~}&gt;" />
		</Unit>
		<Unit filename="src/Settings.h">
			<Option target="&lt;{~None~}&gt;" />
		</Unit>
		<Unit filename="src/Statistics.cpp">
			<Option target="&lt;{~None~}&gt;" />
		</Unit>
		<Unit filename="src/Statistics.h">
			<Option target="&lt;{~None~}&gt;" />
		</Unit>
		<Unit filename="src/Token.cpp">
			<Option target="&lt;{~None~}&gt;" />
		</Unit>
		<Unit filename="src/Token.h">
			<Option target="&lt;{~None~}&gt;" />
		</Unit>
		<Unit filename="src/TokensLexicon.cpp">
			<Option target="&lt;{~None~}&gt;" />
		</Unit>
		<Unit filename="src/TokensLexicon.h">
			<Option target="&lt;{~None~}&gt;" />
		</Unit>
		<Unit filename="src/UPMProduct.cpp">
			<Option target="&lt;{~None~}&gt;" />
		</Unit>
		<Unit filename="src/UPMProduct.h">
			<Option target="&lt;{~None~}&gt;" />
		</Unit>
		<Extensions />
	</Project>
</CodeBlocks_project_file>
